
Microsoft Visual Studio Solution File, Format Version 12.00
# Visual Studio Version 16
VisualStudioVersion = 16.0.30310.162
MinimumVisualStudioVersion = 10.0.40219.1
Project("{FAE04EC0-301F-11D3-BF4B-00C04F79EFBC}") = "CruzeMob.UWP", "CruzeMob\CruzeMob.UWP\CruzeMob.UWP.csproj", "{9F2AB0F7-9992-4AD5-8E41-579E4BD1B676}"
EndProject
Project("{FAE04EC0-301F-11D3-BF4B-00C04F79EFBC}") = "CruzeMob.Android", "CruzeMob\CruzeMob.Android\CruzeMob.Android.csproj", "{5D5D66F3-A429-4896-86CF-A29AD5215B5E}"
EndProject
Project("{FAE04EC0-301F-11D3-BF4B-00C04F79EFBC}") = "CruzeMob.iOS", "CruzeMob\CruzeMob.iOS\CruzeMob.iOS.csproj", "{7EC9D364-8F5E-4F37-900E-BDD5A34D2C07}"
EndProject
Project("{FAE04EC0-301F-11D3-BF4B-00C04F79EFBC}") = "CruzeMob", "CruzeMob\CruzeMob\CruzeMob.csproj", "{77D6CD85-A43E-4150-ACF3-FC86FC3E674D}"
EndProject
Global
	GlobalSection(SolutionConfigurationPlatforms) = preSolution
		Debug|Any CPU = Debug|Any CPU
		Debug|ARM = Debug|ARM
		Debug|iPhone = Debug|iPhone
		Debug|iPhoneSimulator = Debug|iPhoneSimulator
		Debug|x64 = Debug|x64
		Debug|x86 = Debug|x86
		Release|Any CPU = Release|Any CPU
		Release|ARM = Release|ARM
		Release|iPhone = Release|iPhone
		Release|iPhoneSimulator = Release|iPhoneSimulator
		Release|x64 = Release|x64
		Release|x86 = Release|x86
	EndGlobalSection
	GlobalSection(ProjectConfigurationPlatforms) = postSolution
		{9F2AB0F7-9992-4AD5-8E41-579E4BD1B676}.Debug|Any CPU.ActiveCfg = Debug|x86
		{9F2AB0F7-9992-4AD5-8E41-579E4BD1B676}.Debug|Any CPU.Build.0 = Debug|x86
		{9F2AB0F7-9992-4AD5-8E41-579E4BD1B676}.Debug|Any CPU.Deploy.0 = Debug|x86
		{9F2AB0F7-9992-4AD5-8E41-579E4BD1B676}.Debug|ARM.ActiveCfg = Debug|ARM
		{9F2AB0F7-9992-4AD5-8E41-579E4BD1B676}.Debug|ARM.Build.0 = Debug|ARM
		{9F2AB0F7-9992-4AD5-8E41-579E4BD1B676}.Debug|ARM.Deploy.0 = Debug|ARM
		{9F2AB0F7-9992-4AD5-8E41-579E4BD1B676}.Debug|iPhone.ActiveCfg = Debug|x86
		{9F2AB0F7-9992-4AD5-8E41-579E4BD1B676}.Debug|iPhone.Build.0 = Debug|x86
		{9F2AB0F7-9992-4AD5-8E41-579E4BD1B676}.Debug|iPhone.Deploy.0 = Debug|x86
		{9F2AB0F7-9992-4AD5-8E41-579E4BD1B676}.Debug|iPhoneSimulator.ActiveCfg = Debug|x86
		{9F2AB0F7-9992-4AD5-8E41-579E4BD1B676}.Debug|iPhoneSimulator.Build.0 = Debug|x86
		{9F2AB0F7-9992-4AD5-8E41-579E4BD1B676}.Debug|iPhoneSimulator.Deploy.0 = Debug|x86
		{9F2AB0F7-9992-4AD5-8E41-579E4BD1B676}.Debug|x64.ActiveCfg = Debug|x64
		{9F2AB0F7-9992-4AD5-8E41-579E4BD1B676}.Debug|x64.Build.0 = Debug|x64
		{9F2AB0F7-9992-4AD5-8E41-579E4BD1B676}.Debug|x64.Deploy.0 = Debug|x64
		{9F2AB0F7-9992-4AD5-8E41-579E4BD1B676}.Debug|x86.ActiveCfg = Debug|x86
		{9F2AB0F7-9992-4AD5-8E41-579E4BD1B676}.Debug|x86.Build.0 = Debug|x86
		{9F2AB0F7-9992-4AD5-8E41-579E4BD1B676}.Debug|x86.Deploy.0 = Debug|x86
		{9F2AB0F7-9992-4AD5-8E41-579E4BD1B676}.Release|Any CPU.ActiveCfg = Release|x86
		{9F2AB0F7-9992-4AD5-8E41-579E4BD1B676}.Release|Any CPU.Build.0 = Release|x86
		{9F2AB0F7-9992-4AD5-8E41-579E4BD1B676}.Release|Any CPU.Deploy.0 = Release|x86
		{9F2AB0F7-9992-4AD5-8E41-579E4BD1B676}.Release|ARM.ActiveCfg = Release|ARM
		{9F2AB0F7-9992-4AD5-8E41-579E4BD1B676}.Release|ARM.Build.0 = Release|ARM
		{9F2AB0F7-9992-4AD5-8E41-579E4BD1B676}.Release|ARM.Deploy.0 = Release|ARM
		{9F2AB0F7-9992-4AD5-8E41-579E4BD1B676}.Release|iPhone.ActiveCfg = Release|x86
		{9F2AB0F7-9992-4AD5-8E41-579E4BD1B676}.Release|iPhone.Build.0 = Release|x86
		{9F2AB0F7-9992-4AD5-8E41-579E4BD1B676}.Release|iPhone.Deploy.0 = Release|x86
		{9F2AB0F7-9992-4AD5-8E41-579E4BD1B676}.Release|iPhoneSimulator.ActiveCfg = Release|x86
		{9F2AB0F7-9992-4AD5-8E41-579E4BD1B676}.Release|iPhoneSimulator.Build.0 = Release|x86
		{9F2AB0F7-9992-4AD5-8E41-579E4BD1B676}.Release|iPhoneSimulator.Deploy.0 = Release|x86
		{9F2AB0F7-9992-4AD5-8E41-579E4BD1B676}.Release|x64.ActiveCfg = Release|x64
		{9F2AB0F7-9992-4AD5-8E41-579E4BD1B676}.Release|x64.Build.0 = Release|x64
		{9F2AB0F7-9992-4AD5-8E41-579E4BD1B676}.Release|x64.Deploy.0 = Release|x64
		{9F2AB0F7-9992-4AD5-8E41-579E4BD1B676}.Release|x86.ActiveCfg = Release|x86
		{9F2AB0F7-9992-4AD5-8E41-579E4BD1B676}.Release|x86.Build.0 = Release|x86
		{9F2AB0F7-9992-4AD5-8E41-579E4BD1B676}.Release|x86.Deploy.0 = Release|x86
		{5D5D66F3-A429-4896-86CF-A29AD5215B5E}.Debug|Any CPU.ActiveCfg = Debug|Any CPU
		{5D5D66F3-A429-4896-86CF-A29AD5215B5E}.Debug|Any CPU.Build.0 = Debug|Any CPU
		{5D5D66F3-A429-4896-86CF-A29AD5215B5E}.Debug|Any CPU.Deploy.0 = Debug|Any CPU
		{5D5D66F3-A429-4896-86CF-A29AD5215B5E}.Debug|ARM.ActiveCfg = Debug|Any CPU
		{5D5D66F3-A429-4896-86CF-A29AD5215B5E}.Debug|ARM.Build.0 = Debug|Any CPU
		{5D5D66F3-A429-4896-86CF-A29AD5215B5E}.Debug|ARM.Deploy.0 = Debug|Any CPU
		{5D5D66F3-A429-4896-86CF-A29AD5215B5E}.Debug|iPhone.ActiveCfg = Debug|Any CPU
		{5D5D66F3-A429-4896-86CF-A29AD5215B5E}.Debug|iPhone.Build.0 = Debug|Any CPU
		{5D5D66F3-A429-4896-86CF-A29AD5215B5E}.Debug|iPhone.Deploy.0 = Debug|Any CPU
		{5D5D66F3-A429-4896-86CF-A29AD5215B5E}.Debug|iPhoneSimulator.ActiveCfg = Debug|Any CPU
		{5D5D66F3-A429-4896-86CF-A29AD5215B5E}.Debug|iPhoneSimulator.Build.0 = Debug|Any CPU
		{5D5D66F3-A429-4896-86CF-A29AD5215B5E}.Debug|iPhoneSimulator.Deploy.0 = Debug|Any CPU
		{5D5D66F3-A429-4896-86CF-A29AD5215B5E}.Debug|x64.ActiveCfg = Debug|Any CPU
		{5D5D66F3-A429-4896-86CF-A29AD5215B5E}.Debug|x64.Build.0 = Debug|Any CPU
		{5D5D66F3-A429-4896-86CF-A29AD5215B5E}.Debug|x64.Deploy.0 = Debug|Any CPU
		{5D5D66F3-A429-4896-86CF-A29AD5215B5E}.Debug|x86.ActiveCfg = Debug|Any CPU
		{5D5D66F3-A429-4896-86CF-A29AD5215B5E}.Debug|x86.Build.0 = Debug|Any CPU
		{5D5D66F3-A429-4896-86CF-A29AD5215B5E}.Debug|x86.Deploy.0 = Debug|Any CPU
		{5D5D66F3-A429-4896-86CF-A29AD5215B5E}.Release|Any CPU.ActiveCfg = Release|Any CPU
		{5D5D66F3-A429-4896-86CF-A29AD5215B5E}.Release|Any CPU.Build.0 = Release|Any CPU
		{5D5D66F3-A429-4896-86CF-A29AD5215B5E}.Release|Any CPU.Deploy.0 = Release|Any CPU
		{5D5D66F3-A429-4896-86CF-A29AD5215B5E}.Release|ARM.ActiveCfg = Release|Any CPU
		{5D5D66F3-A429-4896-86CF-A29AD5215B5E}.Release|ARM.Build.0 = Release|Any CPU
		{5D5D66F3-A429-4896-86CF-A29AD5215B5E}.Release|ARM.Deploy.0 = Release|Any CPU
		{5D5D66F3-A429-4896-86CF-A29AD5215B5E}.Release|iPhone.ActiveCfg = Release|Any CPU
		{5D5D66F3-A429-4896-86CF-A29AD5215B5E}.Release|iPhone.Build.0 = Release|Any CPU
		{5D5D66F3-A429-4896-86CF-A29AD5215B5E}.Release|iPhone.Deploy.0 = Release|Any CPU
		{5D5D66F3-A429-4896-86CF-A29AD5215B5E}.Release|iPhoneSimulator.ActiveCfg = Release|Any CPU
		{5D5D66F3-A429-4896-86CF-A29AD5215B5E}.Release|iPhoneSimulator.Build.0 = Release|Any CPU
		{5D5D66F3-A429-4896-86CF-A29AD5215B5E}.Release|iPhoneSimulator.Deploy.0 = Release|Any CPU
		{5D5D66F3-A429-4896-86CF-A29AD5215B5E}.Release|x64.ActiveCfg = Release|Any CPU
		{5D5D66F3-A429-4896-86CF-A29AD5215B5E}.Release|x64.Build.0 = Release|Any CPU
		{5D5D66F3-A429-4896-86CF-A29AD5215B5E}.Release|x64.Deploy.0 = Release|Any CPU
		{5D5D66F3-A429-4896-86CF-A29AD5215B5E}.Release|x86.ActiveCfg = Release|Any CPU
		{5D5D66F3-A429-4896-86CF-A29AD5215B5E}.Release|x86.Build.0 = Release|Any CPU
		{5D5D66F3-A429-4896-86CF-A29AD5215B5E}.Release|x86.Deploy.0 = Release|Any CPU
		{7EC9D364-8F5E-4F37-900E-BDD5A34D2C07}.Debug|Any CPU.ActiveCfg = Debug|iPhone
		{7EC9D364-8F5E-4F37-900E-BDD5A34D2C07}.Debug|Any CPU.Build.0 = Debug|iPhone
		{7EC9D364-8F5E-4F37-900E-BDD5A34D2C07}.Debug|Any CPU.Deploy.0 = Debug|iPhone
		{7EC9D364-8F5E-4F37-900E-BDD5A34D2C07}.Debug|ARM.ActiveCfg = Debug|iPhone
		{7EC9D364-8F5E-4F37-900E-BDD5A34D2C07}.Debug|ARM.Build.0 = Debug|iPhone
		{7EC9D364-8F5E-4F37-900E-BDD5A34D2C07}.Debug|ARM.Deploy.0 = Debug|iPhone
		{7EC9D364-8F5E-4F37-900E-BDD5A34D2C07}.Debug|iPhone.ActiveCfg = Debug|iPhone
		{7EC9D364-8F5E-4F37-900E-BDD5A34D2C07}.Debug|iPhone.Build.0 = Debug|iPhone
		{7EC9D364-8F5E-4F37-900E-BDD5A34D2C07}.Debug|iPhone.Deploy.0 = Debug|iPhone
		{7EC9D364-8F5E-4F37-900E-BDD5A34D2C07}.Debug|iPhoneSimulator.ActiveCfg = Debug|iPhoneSimulator
		{7EC9D364-8F5E-4F37-900E-BDD5A34D2C07}.Debug|iPhoneSimulator.Build.0 = Debug|iPhoneSimulator
		{7EC9D364-8F5E-4F37-900E-BDD5A34D2C07}.Debug|iPhoneSimulator.Deploy.0 = Debug|iPhoneSimulator
		{7EC9D364-8F5E-4F37-900E-BDD5A34D2C07}.Debug|x64.ActiveCfg = Debug|iPhone
		{7EC9D364-8F5E-4F37-900E-BDD5A34D2C07}.Debug|x64.Build.0 = Debug|iPhone
		{7EC9D364-8F5E-4F37-900E-BDD5A34D2C07}.Debug|x64.Deploy.0 = Debug|iPhone
		{7EC9D364-8F5E-4F37-900E-BDD5A34D2C07}.Debug|x86.ActiveCfg = Debug|iPhone
		{7EC9D364-8F5E-4F37-900E-BDD5A34D2C07}.Debug|x86.Build.0 = Debug|iPhone
		{7EC9D364-8F5E-4F37-900E-BDD5A34D2C07}.Debug|x86.Deploy.0 = Debug|iPhone
		{7EC9D364-8F5E-4F37-900E-BDD5A34D2C07}.Release|Any CPU.ActiveCfg = Release|iPhone
		{7EC9D364-8F5E-4F37-900E-BDD5A34D2C07}.Release|Any CPU.Build.0 = Release|iPhone
		{7EC9D364-8F5E-4F37-900E-BDD5A34D2C07}.Release|Any CPU.Deploy.0 = Release|iPhone
		{7EC9D364-8F5E-4F37-900E-BDD5A34D2C07}.Release|ARM.ActiveCfg = Release|iPhone
		{7EC9D364-8F5E-4F37-900E-BDD5A34D2C07}.Release|ARM.Build.0 = Release|iPhone
		{7EC9D364-8F5E-4F37-900E-BDD5A34D2C07}.Release|ARM.Deploy.0 = Release|iPhone
		{7EC9D364-8F5E-4F37-900E-BDD5A34D2C07}.Release|iPhone.ActiveCfg = Release|iPhone
		{7EC9D364-8F5E-4F37-900E-BDD5A34D2C07}.Release|iPhone.Build.0 = Release|iPhone
		{7EC9D364-8F5E-4F37-900E-BDD5A34D2C07}.Release|iPhone.Deploy.0 = Release|iPhone
		{7EC9D364-8F5E-4F37-900E-BDD5A34D2C07}.Release|iPhoneSimulator.ActiveCfg = Release|iPhoneSimulator
		{7EC9D364-8F5E-4F37-900E-BDD5A34D2C07}.Release|iPhoneSimulator.Build.0 = Release|iPhoneSimulator
		{7EC9D364-8F5E-4F37-900E-BDD5A34D2C07}.Release|iPhoneSimulator.Deploy.0 = Release|iPhoneSimulator
		{7EC9D364-8F5E-4F37-900E-BDD5A34D2C07}.Release|x64.ActiveCfg = Release|iPhone
		{7EC9D364-8F5E-4F37-900E-BDD5A34D2C07}.Release|x64.Build.0 = Release|iPhone
		{7EC9D364-8F5E-4F37-900E-BDD5A34D2C07}.Release|x64.Deploy.0 = Release|iPhone
		{7EC9D364-8F5E-4F37-900E-BDD5A34D2C07}.Release|x86.ActiveCfg = Release|iPhone
		{7EC9D364-8F5E-4F37-900E-BDD5A34D2C07}.Release|x86.Build.0 = Release|iPhone
		{7EC9D364-8F5E-4F37-900E-BDD5A34D2C07}.Release|x86.Deploy.0 = Release|iPhone
		{77D6CD85-A43E-4150-ACF3-FC86FC3E674D}.Debug|Any CPU.ActiveCfg = Debug|Any CPU
		{77D6CD85-A43E-4150-ACF3-FC86FC3E674D}.Debug|Any CPU.Build.0 = Debug|Any CPU
		{77D6CD85-A43E-4150-ACF3-FC86FC3E674D}.Debug|Any CPU.Deploy.0 = Debug|Any CPU
		{77D6CD85-A43E-4150-ACF3-FC86FC3E674D}.Debug|ARM.ActiveCfg = Debug|Any CPU
		{77D6CD85-A43E-4150-ACF3-FC86FC3E674D}.Debug|ARM.Build.0 = Debug|Any CPU
		{77D6CD85-A43E-4150-ACF3-FC86FC3E674D}.Debug|ARM.Deploy.0 = Debug|Any CPU
		{77D6CD85-A43E-4150-ACF3-FC86FC3E674D}.Debug|iPhone.ActiveCfg = Debug|Any CPU
		{77D6CD85-A43E-4150-ACF3-FC86FC3E674D}.Debug|iPhone.Build.0 = Debug|Any CPU
		{77D6CD85-A43E-4150-ACF3-FC86FC3E674D}.Debug|iPhone.Deploy.0 = Debug|Any CPU
		{77D6CD85-A43E-4150-ACF3-FC86FC3E674D}.Debug|iPhoneSimulator.ActiveCfg = Debug|Any CPU
		{77D6CD85-A43E-4150-ACF3-FC86FC3E674D}.Debug|iPhoneSimulator.Build.0 = Debug|Any CPU
		{77D6CD85-A43E-4150-ACF3-FC86FC3E674D}.Debug|iPhoneSimulator.Deploy.0 = Debug|Any CPU
		{77D6CD85-A43E-4150-ACF3-FC86FC3E674D}.Debug|x64.ActiveCfg = Debug|Any CPU
		{77D6CD85-A43E-4150-ACF3-FC86FC3E674D}.Debug|x64.Build.0 = Debug|Any CPU
		{77D6CD85-A43E-4150-ACF3-FC86FC3E674D}.Debug|x64.Deploy.0 = Debug|Any CPU
		{77D6CD85-A43E-4150-ACF3-FC86FC3E674D}.Debug|x86.ActiveCfg = Debug|Any CPU
		{77D6CD85-A43E-4150-ACF3-FC86FC3E674D}.Debug|x86.Build.0 = Debug|Any CPU
		{77D6CD85-A43E-4150-ACF3-FC86FC3E674D}.Debug|x86.Deploy.0 = Debug|Any CPU
		{77D6CD85-A43E-4150-ACF3-FC86FC3E674D}.Release|Any CPU.ActiveCfg = Release|Any CPU
		{77D6CD85-A43E-4150-ACF3-FC86FC3E674D}.Release|Any CPU.Build.0 = Release|Any CPU
		{77D6CD85-A43E-4150-ACF3-FC86FC3E674D}.Release|Any CPU.Deploy.0 = Release|Any CPU
		{77D6CD85-A43E-4150-ACF3-FC86FC3E674D}.Release|ARM.ActiveCfg = Release|Any CPU
		{77D6CD85-A43E-4150-ACF3-FC86FC3E674D}.Release|ARM.Build.0 = Release|Any CPU
		{77D6CD85-A43E-4150-ACF3-FC86FC3E674D}.Release|ARM.Deploy.0 = Release|Any CPU
		{77D6CD85-A43E-4150-ACF3-FC86FC3E674D}.Release|iPhone.ActiveCfg = Release|Any CPU
		{77D6CD85-A43E-4150-ACF3-FC86FC3E674D}.Release|iPhone.Build.0 = Release|Any CPU
		{77D6CD85-A43E-4150-ACF3-FC86FC3E674D}.Release|iPhone.Deploy.0 = Release|Any CPU
		{77D6CD85-A43E-4150-ACF3-FC86FC3E674D}.Release|iPhoneSimulator.ActiveCfg = Release|Any CPU
		{77D6CD85-A43E-4150-ACF3-FC86FC3E674D}.Release|iPhoneSimulator.Build.0 = Release|Any CPU
		{77D6CD85-A43E-4150-ACF3-FC86FC3E674D}.Release|iPhoneSimulator.Deploy.0 = Release|Any CPU
		{77D6CD85-A43E-4150-ACF3-FC86FC3E674D}.Release|x64.ActiveCfg = Release|Any CPU
		{77D6CD85-A43E-4150-ACF3-FC86FC3E674D}.Release|x64.Build.0 = Release|Any CPU
		{77D6CD85-A43E-4150-ACF3-FC86FC3E674D}.Release|x64.Deploy.0 = Release|Any CPU
		{77D6CD85-A43E-4150-ACF3-FC86FC3E674D}.Release|x86.ActiveCfg = Release|Any CPU
		{77D6CD85-A43E-4150-ACF3-FC86FC3E674D}.Release|x86.Build.0 = Release|Any CPU
		{77D6CD85-A43E-4150-ACF3-FC86FC3E674D}.Release|x86.Deploy.0 = Release|Any CPU
	EndGlobalSection
	GlobalSection(SolutionProperties) = preSolution
		HideSolutionNode = FALSE
	EndGlobalSection
	GlobalSection(ExtensibilityGlobals) = postSolution
		SolutionGuid = {6B877F50-2447-4153-8D52-52C62A8FCBBD}
	EndGlobalSection
EndGlobal
